
Microsoft Visual Studio Solution File, Format Version 12.00
# Visual Studio Version 16
VisualStudioVersion = 16.0.29728.190
MinimumVisualStudioVersion = 10.0.40219.1
Project("{9092AA53-FB77-4645-B42D-1CCCA6BD08BD}") = "Websh", "Websh.njsproj", "{D38FDB45-22E7-4EF8-B41D-E8A8CB1B7410}"
EndProject
Global
	GlobalSection(SolutionConfigurationPlatforms) = preSolution
		Debug|Any CPU = Debug|Any CPU
		Release|Any CPU = Release|Any CPU
	EndGlobalSection
	GlobalSection(ProjectConfigurationPlatforms) = postSolution
		{D38FDB45-22E7-4EF8-B41D-E8A8CB1B7410}.Debug|Any CPU.ActiveCfg = Debug|Any CPU
		{D38FDB45-22E7-4EF8-B41D-E8A8CB1B7410}.Debug|Any CPU.Build.0 = Debug|Any CPU
		{D38FDB45-22E7-4EF8-B41D-E8A8CB1B7410}.Release|Any CPU.ActiveCfg = Release|Any CPU
		{D38FDB45-22E7-4EF8-B41D-E8A8CB1B7410}.Release|Any CPU.Build.0 = Release|Any CPU
	EndGlobalSection
	GlobalSection(SolutionProperties) = preSolution
		HideSolutionNode = FALSE
	EndGlobalSection
	GlobalSection(ExtensibilityGlobals) = postSolution
		SolutionGuid = {966AB69A-D8B1-4980-A855-A09D0B02E403}
	EndGlobalSection
EndGlobal
